
Microsoft Visual Studio Solution File, Format Version 12.00
# Visual Studio Version 16
VisualStudioVersion = 16.0.31424.327
MinimumVisualStudioVersion = 10.0.40219.1
Project("{FAE04EC0-301F-11D3-BF4B-00C04F79EFBC}") = "helloworld", "helloworld\helloworld.csproj", "{300EF2C8-D3F6-4BEA-A84E-4433F80F60E2}"
EndProject
Global
	GlobalSection(SolutionConfigurationPlatforms) = preSolution
		Debug|Any CPU = Debug|Any CPU
		Release|Any CPU = Release|Any CPU
	EndGlobalSection
	GlobalSection(ProjectConfigurationPlatforms) = postSolution
		{300EF2C8-D3F6-4BEA-A84E-4433F80F60E2}.Debug|Any CPU.ActiveCfg = Debug|Any CPU
		{300EF2C8-D3F6-4BEA-A84E-4433F80F60E2}.Debug|Any CPU.Build.0 = Debug|Any CPU
		{300EF2C8-D3F6-4BEA-A84E-4433F80F60E2}.Release|Any CPU.ActiveCfg = Release|Any CPU
		{300EF2C8-D3F6-4BEA-A84E-4433F80F60E2}.Release|Any CPU.Build.0 = Release|Any CPU
	EndGlobalSection
	GlobalSection(SolutionProperties) = preSolution
		HideSolutionNode = FALSE
	EndGlobalSection
	GlobalSection(ExtensibilityGlobals) = postSolution
		SolutionGuid = {2BE46425-1452-428C-B1DF-677E8D4AE06C}
	EndGlobalSection
EndGlobal
